
Microsoft Visual Studio Solution File, Format Version 12.00
# Visual Studio Version 17
VisualStudioVersion = 17.9.34728.123
MinimumVisualStudioVersion = 10.0.40219.1
Project("{FAE04EC0-301F-11D3-BF4B-00C04F79EFBC}") = "Image_To_PNG", "Image_To_PNG\Image_To_PNG.csproj", "{A2FA648B-F2C0-425A-85F5-09E4315FC367}"
EndProject
Global
	GlobalSection(SolutionConfigurationPlatforms) = preSolution
		Debug|Any CPU = Debug|Any CPU
		Release|Any CPU = Release|Any CPU
	EndGlobalSection
	GlobalSection(ProjectConfigurationPlatforms) = postSolution
		{A2FA648B-F2C0-425A-85F5-09E4315FC367}.Debug|Any CPU.ActiveCfg = Debug|Any CPU
		{A2FA648B-F2C0-425A-85F5-09E4315FC367}.Debug|Any CPU.Build.0 = Debug|Any CPU
		{A2FA648B-F2C0-425A-85F5-09E4315FC367}.Release|Any CPU.ActiveCfg = Release|Any CPU
		{A2FA648B-F2C0-425A-85F5-09E4315FC367}.Release|Any CPU.Build.0 = Release|Any CPU
	EndGlobalSection
	GlobalSection(SolutionProperties) = preSolution
		HideSolutionNode = FALSE
	EndGlobalSection
	GlobalSection(ExtensibilityGlobals) = postSolution
		SolutionGuid = {8C54DF5B-1466-4B12-B757-EBC6D56917BF}
	EndGlobalSection
EndGlobal
